
Microsoft Visual Studio Solution File, Format Version 12.00
# Visual Studio Version 17
VisualStudioVersion = 17.2.32526.322
MinimumVisualStudioVersion = 10.0.40219.1
Project("{FAE04EC0-301F-11D3-BF4B-00C04F79EFBC}") = "Secuencias", "Secuencias.csproj", "{37DDE9EC-4AFF-4C50-B666-21E884D5A6F3}"
EndProject
Global
	GlobalSection(SolutionConfigurationPlatforms) = preSolution
		Debug|Any CPU = Debug|Any CPU
		Release|Any CPU = Release|Any CPU
	EndGlobalSection
	GlobalSection(ProjectConfigurationPlatforms) = postSolution
		{37DDE9EC-4AFF-4C50-B666-21E884D5A6F3}.Debug|Any CPU.ActiveCfg = Debug|Any CPU
		{37DDE9EC-4AFF-4C50-B666-21E884D5A6F3}.Debug|Any CPU.Build.0 = Debug|Any CPU
		{37DDE9EC-4AFF-4C50-B666-21E884D5A6F3}.Release|Any CPU.ActiveCfg = Release|Any CPU
		{37DDE9EC-4AFF-4C50-B666-21E884D5A6F3}.Release|Any CPU.Build.0 = Release|Any CPU
	EndGlobalSection
	GlobalSection(SolutionProperties) = preSolution
		HideSolutionNode = FALSE
	EndGlobalSection
	GlobalSection(ExtensibilityGlobals) = postSolution
		SolutionGuid = {EADF03E0-4925-4A3E-89D7-4DD854102219}
	EndGlobalSection
EndGlobal
