
Microsoft Visual Studio Solution File, Format Version 12.00
# Visual Studio 15
VisualStudioVersion = 15.0.28307.2017
MinimumVisualStudioVersion = 10.0.40219.1
Project("{2150E333-8FDC-42A3-9474-1A3956D46DE8}") = "Solution Items", "Solution Items", "{8CD0EBF1-7D04-49FE-9CEA-2D0ED8D0C868}"
EndProject
Project("{FAE04EC0-301F-11D3-BF4B-00C04F79EFBC}") = "JavaScripts", "ALPIQ-Dynamics.NET4.6.2\JavaScripts\JavaScripts.csproj", "{BBC41676-7E88-446D-8D74-1F46AAF41213}"
EndProject
Project("{FAE04EC0-301F-11D3-BF4B-00C04F79EFBC}") = "ValidacionContrato", "ALPIQ-Dynamics.NET4.6.2\ValidacionContrato\ValidacionContrato.csproj", "{79777AF8-14B4-45D0-8B9F-F9B1959C8B8E}"
EndProject
Project("{FAE04EC0-301F-11D3-BF4B-00C04F79EFBC}") = "CierresCoberturasMP", "ALPIQ-Dynamics.NET4.6.2\CierresCoberturasMP\CierresCoberturasMP.csproj", "{62B00EDD-8A24-4647-BFC8-4EF57708D5F6}"
EndProject
Project("{FAE04EC0-301F-11D3-BF4B-00C04F79EFBC}") = "CommonWS", "ALPIQ-Dynamics.NET4.6.2\CommonWS\CommonWS.csproj", "{DAA7A79D-4DAC-43A0-853E-CD3E58CB1BE9}"
EndProject
Project("{FAE04EC0-301F-11D3-BF4B-00C04F79EFBC}") = "Common", "ALPIQ-Dynamics.NET4.6.2\Common\Common.csproj", "{9E83D2D7-A389-42CE-9BE8-EF55F2FCC819}"
EndProject
Project("{2150E333-8FDC-42A3-9474-1A3956D46DE8}") = "Plugins", "Plugins", "{3D8A3474-115C-4240-A955-5069BBF5A53C}"
EndProject
Project("{FAE04EC0-301F-11D3-BF4B-00C04F79EFBC}") = "OfertaMP", "ALPIQ-Dynamics.NET4.6.2\Plugins\OfertaMP\OfertaMP.csproj", "{679103B5-5BD8-41FB-B6A2-F1C691E9D9B5}"
EndProject
Project("{FAE04EC0-301F-11D3-BF4B-00C04F79EFBC}") = "TermPricing-1208-2021", "ALPIQ-Dynamics.NET4.6.2\Plugins\TermPricing-1208-2021\TermPricing-1208-2021.csproj", "{DC1596B9-F2DA-4B2D-85B9-63F4E63B42C9}"
EndProject
Project("{FAE04EC0-301F-11D3-BF4B-00C04F79EFBC}") = "TermPricing-2309-2021", "ALPIQ-Dynamics.NET4.6.2\Plugins\TermPricing-2309-2021\TermPricing-2309-2021.csproj", "{4B724E00-0FFC-4229-BAD4-C1AEEE0B6315}"
EndProject
Project("{FAE04EC0-301F-11D3-BF4B-00C04F79EFBC}") = "TermPricing", "ALPIQ-Dynamics.NET4.6.2\Plugins\TermPricing\TermPricing.csproj", "{89E6B35D-D603-44DE-B224-65E160EA214C}"
EndProject
Project("{FAE04EC0-301F-11D3-BF4B-00C04F79EFBC}") = "Cups", "ALPIQ-Dynamics.NET4.6.2\Plugins\Cups\Cups.csproj", "{BA0DAE32-4C6A-4E32-BD67-CE09E012D1F3}"
EndProject
Project("{FAE04EC0-301F-11D3-BF4B-00C04F79EFBC}") = "ContratoMP-1011-2021", "ALPIQ-Dynamics.NET4.6.2\Plugins\ContratoMP-1011-2021\ContratoMP-1011-2021.csproj", "{347D883E-B77A-47AF-8055-B77FB1B0B726}"
EndProject
Project("{FAE04EC0-301F-11D3-BF4B-00C04F79EFBC}") = "ContratoMP-last", "ALPIQ-Dynamics.NET4.6.2\Plugins\ContratoMP\ContratoMP-last.csproj", "{4B0A57CB-0551-4006-8AE3-51364AADA6D2}"
EndProject
Project("{FAE04EC0-301F-11D3-BF4B-00C04F79EFBC}") = "ContratoPricing", "ALPIQ-Dynamics.NET4.6.2\Plugins\ContratoPricing\ContratoPricing.csproj", "{DA75E8F9-A259-430D-90A4-94AEA170E774}"
EndProject
Project("{FAE04EC0-301F-11D3-BF4B-00C04F79EFBC}") = "CierresCoberturasMP", "ALPIQ-Dynamics.NET4.6.2\Plugins\CierresCoberturasMP\CierresCoberturasMP.csproj", "{FD2952C9-B15F-4A2C-9F60-89968D1124BC}"
EndProject
Project("{FAE04EC0-301F-11D3-BF4B-00C04F79EFBC}") = "ValidacionRazonSocial", "ALPIQ-Dynamics.NET4.6.2\Plugins\ValidacionRazonSocial\ValidacionRazonSocial.csproj", "{0EEEF2F0-50B3-435E-9430-4D4519866791}"
	ProjectSection(ProjectDependencies) = postProject
		{DAA7A79D-4DAC-43A0-853E-CD3E58CB1BE9} = {DAA7A79D-4DAC-43A0-853E-CD3E58CB1BE9}
	EndProjectSection
EndProject
Project("{FAE04EC0-301F-11D3-BF4B-00C04F79EFBC}") = "ValidacionOferta", "ALPIQ-Dynamics.NET4.6.2\Plugins\ValidacionOferta\ValidacionOferta.csproj", "{94531019-4149-485B-AA55-7B08EEFEA177}"
EndProject
Project("{FAE04EC0-301F-11D3-BF4B-00C04F79EFBC}") = "ValidacionesCierres", "ALPIQ-Dynamics.NET4.6.2\Plugins\ValidacionesCierres\ValidacionesCierres.csproj", "{91141544-EECC-4550-A8BD-51327ADF67F6}"
EndProject
Project("{FAE04EC0-301F-11D3-BF4B-00C04F79EFBC}") = "ValidacionesCierres-2805-2022", "ALPIQ-Dynamics.NET4.6.2\Plugins\ValidacionesCierres -2805-2022\ValidacionesCierres-2805-2022.csproj", "{F393D650-207C-4E9B-9484-44678BD74625}"
EndProject
Project("{FAE04EC0-301F-11D3-BF4B-00C04F79EFBC}") = "ValidacionContrato", "ALPIQ-Dynamics.NET4.6.2\Plugins\ValidacionContrato\ValidacionContrato.csproj", "{8E40EB0F-AD99-414A-8C4C-3EECC95EC60F}"
EndProject
Project("{FAE04EC0-301F-11D3-BF4B-00C04F79EFBC}") = "PuntosMedida", "ALPIQ-Dynamics.NET4.6.2\Plugins\PuntosMedida\PuntosMedida.csproj", "{ED8FC58B-ED3A-4235-A7AD-D09F9C1FF9D2}"
EndProject
Project("{FAE04EC0-301F-11D3-BF4B-00C04F79EFBC}") = "MatrizHoraria", "ALPIQ-Dynamics.NET4.6.2\Plugins\MatrizHoraria\MatrizHoraria.csproj", "{0B4D745E-1ADB-4D48-8D83-C0B7FDD46FB9}"
EndProject
Project("{FAE04EC0-301F-11D3-BF4B-00C04F79EFBC}") = "InformesAlpiq", "ALPIQ-Dynamics.NET4.6.2\Plugins\InformesAlpiq\InformesAlpiq.csproj", "{A5F3B364-E09D-4EE8-84B7-A2BAA5A25061}"
EndProject
Project("{FAE04EC0-301F-11D3-BF4B-00C04F79EFBC}") = "InformesAcciona", "ALPIQ-Dynamics.NET4.6.2\Plugins\InformesAcciona\InformesAcciona.csproj", "{A217D6E9-E9C6-44CE-B33B-9BC81413EAFE}"
EndProject
Project("{FAE04EC0-301F-11D3-BF4B-00C04F79EFBC}") = "Historicos", "ALPIQ-Dynamics.NET4.6.2\Plugins\Historicos\Historicos.csproj", "{59D0D21C-E69F-4B70-A9F6-516E1220486D}"
EndProject
Project("{FAE04EC0-301F-11D3-BF4B-00C04F79EFBC}") = "GarantiaAval", "ALPIQ-Dynamics.NET4.6.2\Plugins\GarantiaAval\GarantiaAval.csproj", "{B1235477-3890-425A-9EFE-6E26774DB549}"
EndProject
Project("{FAE04EC0-301F-11D3-BF4B-00C04F79EFBC}") = "ActDatosBancariosRSaOfCo", "ALPIQ-Dynamics.NET4.6.2\Plugins\ActDatosBancariosRSaOfCo\ActDatosBancariosRSaOfCo.csproj", "{8DDA6AEB-FA8A-477D-9DE0-6E93EF601410}"
EndProject
Project("{FAE04EC0-301F-11D3-BF4B-00C04F79EFBC}") = "ActDeudaFacturas", "ALPIQ-Dynamics.NET4.6.2\Plugins\ActDeudaFacturas\ActDeudaFacturas.csproj", "{099E1CEF-7BF7-433A-A8F1-5EEA3D9A196A}"
EndProject
Project("{FAE04EC0-301F-11D3-BF4B-00C04F79EFBC}") = "ActDeudaFacturasCN", "ALPIQ-Dynamics.NET4.6.2\Plugins\ActDeudaFacturasCN\ActDeudaFacturasCN.csproj", "{F7309CC8-4022-4D5D-82E1-91F242937ED1}"
EndProject
Project("{FAE04EC0-301F-11D3-BF4B-00C04F79EFBC}") = "ActDeudaFacturasInstalaciones", "ALPIQ-Dynamics.NET4.6.2\Plugins\ActDeudaFacturasInstalaciones\ActDeudaFacturasInstalaciones.csproj", "{05E8913F-1CCA-4C22-8CB1-AF5E73A24CBC}"
EndProject
Project("{2150E333-8FDC-42A3-9474-1A3956D46DE8}") = "Workflow Steps", "Workflow Steps", "{358A07F2-377C-4BBD-950F-D454DB5B0CAB}"
EndProject
Project("{FAE04EC0-301F-11D3-BF4B-00C04F79EFBC}") = "WSExportaFichero", "ALPIQ-Dynamics.NET4.6.2\WorkflowSteps\WSExportaFichero\WSExportaFichero.csproj", "{18784201-41A2-4B52-8FBB-9D66E81CA31F}"
EndProject
Project("{FAE04EC0-301F-11D3-BF4B-00C04F79EFBC}") = "WFPricingContrato", "ALPIQ-Dynamics.NET4.6.2\WorkflowSteps\WFPricingContrato\WFPricingContrato.csproj", "{6E18AAFE-045B-47E7-87EE-75803C609DD9}"
EndProject
Project("{FAE04EC0-301F-11D3-BF4B-00C04F79EFBC}") = "WFValidaFormula", "ALPIQ-Dynamics.NET4.6.2\WorkflowSteps\WFValidaFormula\WFValidaFormula.csproj", "{BAC8029B-E670-4605-8628-621C9CE0CC4A}"
	ProjectSection(ProjectDependencies) = postProject
		{58FF50E5-3371-432F-8ED1-F9556FE03B6F} = {58FF50E5-3371-432F-8ED1-F9556FE03B6F}
	EndProjectSection
EndProject
Project("{FAE04EC0-301F-11D3-BF4B-00C04F79EFBC}") = "WFCopiarContrato", "ALPIQ-Dynamics.NET4.6.2\WorkflowSteps\WFCopiarContrato\WFCopiarContrato.csproj", "{0BF72578-A7BA-4279-81FE-21BEC01F1FAC}"
EndProject
Project("{FAE04EC0-301F-11D3-BF4B-00C04F79EFBC}") = "WFCopyPricingOC", "ALPIQ-Dynamics.NET4.6.2\WorkflowSteps\WFCopyPricingOC\WFCopyPricingOC.csproj", "{D11D9B76-0929-4041-9D2A-286701ACB201}"
EndProject
Project("{FAE04EC0-301F-11D3-BF4B-00C04F79EFBC}") = "TermPricing-1108-2022", "ALPIQ-Dynamics.NET4.6.2\Plugins\TermPricing-1108-2022\TermPricing-1108-2022.csproj", "{E63E8AB5-0387-4C32-93A6-EB3FDCB13244}"
EndProject
Project("{FAE04EC0-301F-11D3-BF4B-00C04F79EFBC}") = "TermPricing-1208-2022", "ALPIQ-Dynamics.NET4.6.2\Plugins\TermPricing-0110-2021\TermPricing\TermPricing-1208-2022.csproj", "{D86DF514-D55D-48D5-A658-A8A6E9E36360}"
EndProject
Project("{FAE04EC0-301F-11D3-BF4B-00C04F79EFBC}") = "Secuencias-1108-2022", "ALPIQ-Dynamics.NET4.6.2\Plugins\Secuencias-1108-2022\Secuencias-1108-2022.csproj", "{0068C95E-3CA7-46AF-ACC2-EC4F6A1B406E}"
EndProject
Project("{FAE04EC0-301F-11D3-BF4B-00C04F79EFBC}") = "Secuencias-last", "ALPIQ-Dynamics.NET4.6.2\Plugins\Secuencias-last\Secuencias-last.csproj", "{37DDE9EC-4AFF-4C50-B666-21E884D5A6F3}"
EndProject
Project("{FAE04EC0-301F-11D3-BF4B-00C04F79EFBC}") = "TermPricing-last", "ALPIQ-Dynamics.NET4.6.2\Plugins\TermPricing-last\TermPricing\TermPricing-last.csproj", "{58FF50E5-3371-432F-8ED1-F9556FE03B6F}"
EndProject
Project("{FAE04EC0-301F-11D3-BF4B-00C04F79EFBC}") = "ComprobarEstadoContrato-last", "ALPIQ-Dynamics.NET4.6.2\Plugins\ComprobarEstadoContrato-last\ComprobarEstadoContrato-last.csproj", "{5B874B18-3906-43D6-8F8F-63CA7BB9BDD5}"
EndProject
Project("{2150E333-8FDC-42A3-9474-1A3956D46DE8}") = "Plugins-Contratos", "Plugins-Contratos", "{E61FF556-2871-4439-B427-6173157A6F1E}"
EndProject
Project("{2150E333-8FDC-42A3-9474-1A3956D46DE8}") = "Plugins-Informes", "Plugins-Informes", "{864C8C67-09AB-4C12-9A5A-9D89F1520833}"
EndProject
Project("{FAE04EC0-301F-11D3-BF4B-00C04F79EFBC}") = "ValidacionContrato-last", "ALPIQ-Dynamics.NET4.6.2\Plugins\ValidacionContrato-last\ValidacionContrato-last.csproj", "{7009D160-DD2E-4162-B7C9-6154F25FD2FA}"
EndProject
Project("{FAE04EC0-301F-11D3-BF4B-00C04F79EFBC}") = "WFSolicitudAtrGas", "ALPIQ-Dynamics.NET4.6.2\WorkflowSteps\WFSolicitudAtrGas\WFSolicitudAtrGas.csproj", "{B4B829C1-3277-42CB-B4BC-434881475EBD}"
EndProject
Project("{FAE04EC0-301F-11D3-BF4B-00C04F79EFBC}") = "WFSolicitudATR", "ALPIQ-Dynamics.NET4.6.2\WorkflowSteps\WFSolicitudATR\WFSolicitudATR.csproj", "{382FB0BD-D4E1-4241-9F2F-27F4789BD01C}"
EndProject
Project("{FAE04EC0-301F-11D3-BF4B-00C04F79EFBC}") = "WFReclamacionATR", "ALPIQ-Dynamics.NET4.6.2\WorkflowSteps\WFReclamacionATR\WFReclamacionATR.csproj", "{A53F9F7D-9B87-400B-9E78-0C79B17FCEE6}"
EndProject
Project("{FAE04EC0-301F-11D3-BF4B-00C04F79EFBC}") = "WFPropagarFechasATRCto", "ALPIQ-Dynamics.NET4.6.2\WorkflowSteps\WFPropagarFechasATRCto\WFPropagarFechasATRCto.csproj", "{BA88AFE0-EE1C-4838-A1A6-3416096AE778}"
EndProject
Project("{FAE04EC0-301F-11D3-BF4B-00C04F79EFBC}") = "WFActualizarCambioTarifaATR", "ALPIQ-Dynamics.NET4.6.2\WorkflowSteps\WFActualizarCambioTarifaATR\WFActualizarCambioTarifaATR.csproj", "{6879D2AC-82C0-45AD-AE0C-F19C12126F58}"
EndProject
Project("{2150E333-8FDC-42A3-9474-1A3956D46DE8}") = "Web Services", "Web Services", "{F84D6DFA-9533-48F9-AA49-82F316AB617B}"
EndProject
Project("{2150E333-8FDC-42A3-9474-1A3956D46DE8}") = "Apps", "Apps", "{95FB071A-A4E0-4F05-BAB3-E3C3CE3E1149}"
EndProject
Project("{FAE04EC0-301F-11D3-BF4B-00C04F79EFBC}") = "ImportATR-Pwr", "ALPIQ-Dynamics.NET4.6.2\Apps\ImportATR-Pwr\ImportATR-Pwr.csproj", "{546A7AB6-A8A8-4F04-8FDF-CE516630BB56}"
EndProject
Project("{FAE04EC0-301F-11D3-BF4B-00C04F79EFBC}") = "ImportATR-Gas", "ALPIQ-Dynamics.NET4.6.2\Apps\ImportATR-Gas\ImportATR-Gas.csproj", "{33B8E607-47C7-4C7E-BC52-1FB19FCE34FB}"
EndProject
Project("{FAE04EC0-301F-11D3-BF4B-00C04F79EFBC}") = "WSExportaFichero - 1.0.0.0-first", "ALPIQ-Dynamics.NET4.6.2\WorkflowSteps\WSExportaFichero-1.0.0.0-first\WSExportaFichero - 1.0.0.0-first.csproj", "{A1F9E25A-AA0D-4E93-B1B8-AE6F283A5901}"
EndProject
Project("{FAE04EC0-301F-11D3-BF4B-00C04F79EFBC}") = "WSExportaFichero - 1.1.0.0-last", "ALPIQ-Dynamics.NET4.6.2\WorkflowSteps\WSExportaFichero - 1.1.0.0-last\WSExportaFichero - 1.1.0.0-last.csproj", "{33BE5F7A-87F1-437C-9F74-DCA30D0ADED5}"
EndProject
Project("{FAE04EC0-301F-11D3-BF4B-00C04F79EFBC}") = "WSExportaFichero-0711-2021", "ALPIQ-Dynamics.NET4.6.2\WorkflowSteps\WSExportaFichero - 0711-2021\WSExportaFichero-0711-2021.csproj", "{1E404497-D14E-4D62-96BC-DAAB9398AEC4}"
EndProject
Project("{FAE04EC0-301F-11D3-BF4B-00C04F79EFBC}") = "WSExportaFichero - 0804-2022", "ALPIQ-Dynamics.NET4.6.2\WorkflowSteps\WSExportaFichero - 0804-2022\WSExportaFichero - 0804-2022.csproj", "{5B061062-09A5-4D7E-813D-4E9562470D75}"
EndProject
Project("{FAE04EC0-301F-11D3-BF4B-00C04F79EFBC}") = "WFGenerarInformes", "ALPIQ-Dynamics.NET4.6.2\WorkflowSteps\WFGenerarInformes\WFGenerarInformes.csproj", "{07602921-D9F2-4118-B814-AD76371A1425}"
	ProjectSection(ProjectDependencies) = postProject
		{DAA7A79D-4DAC-43A0-853E-CD3E58CB1BE9} = {DAA7A79D-4DAC-43A0-853E-CD3E58CB1BE9}
	EndProjectSection
EndProject
Project("{FAE04EC0-301F-11D3-BF4B-00C04F79EFBC}") = "WFActStageOferta", "ALPIQ-Dynamics.NET4.6.2\WorkflowSteps\WFActStageOferta\WFActStageOferta.csproj", "{3BA34763-321A-478C-AF9E-54A0F75FBB65}"
EndProject
Project("{FAE04EC0-301F-11D3-BF4B-00C04F79EFBC}") = "WCrypt", "ALPIQ-Dynamics.NET4.6.2\Crypt\WCrypt\WCrypt.csproj", "{71AED2F2-3171-459B-8024-A7237EC2A6A9}"
EndProject
Project("{FAE04EC0-301F-11D3-BF4B-00C04F79EFBC}") = "CryptConsole", "ALPIQ-Dynamics.NET4.6.2\Crypt\CryptConsole\CryptConsole.csproj", "{9360B51B-9945-4882-B3E4-DA2A63105D33}"
EndProject
Project("{FAE04EC0-301F-11D3-BF4B-00C04F79EFBC}") = "FacturacionEstimada", "ALPIQ-Dynamics.NET4.6.2\Plugins\FacturacionEstimada\FacturacionEstimada\FacturacionEstimada.csproj", "{442C2217-8C4B-4AF0-8317-BC2084812A1B}"
EndProject
Project("{FAE04EC0-301F-11D3-BF4B-00C04F79EFBC}") = "CierreOfertaCoefApun", "ALPIQ-Dynamics.NET4.6.2\Plugins\ClassLibrary1\CierreOfertaCoefApun.csproj", "{F3E4D95E-E01A-42D4-BC8B-F845C1E249DB}"
	ProjectSection(ProjectDependencies) = postProject
		{DAA7A79D-4DAC-43A0-853E-CD3E58CB1BE9} = {DAA7A79D-4DAC-43A0-853E-CD3E58CB1BE9}
		{58FF50E5-3371-432F-8ED1-F9556FE03B6F} = {58FF50E5-3371-432F-8ED1-F9556FE03B6F}
	EndProjectSection
EndProject
Global
	GlobalSection(SolutionConfigurationPlatforms) = preSolution
		Debug|Any CPU = Debug|Any CPU
		Release|Any CPU = Release|Any CPU
	EndGlobalSection
	GlobalSection(ProjectConfigurationPlatforms) = postSolution
		{BBC41676-7E88-446D-8D74-1F46AAF41213}.Debug|Any CPU.ActiveCfg = Debug|Any CPU
		{BBC41676-7E88-446D-8D74-1F46AAF41213}.Debug|Any CPU.Build.0 = Debug|Any CPU
		{BBC41676-7E88-446D-8D74-1F46AAF41213}.Release|Any CPU.ActiveCfg = Release|Any CPU
		{BBC41676-7E88-446D-8D74-1F46AAF41213}.Release|Any CPU.Build.0 = Release|Any CPU
		{79777AF8-14B4-45D0-8B9F-F9B1959C8B8E}.Debug|Any CPU.ActiveCfg = Debug|Any CPU
		{79777AF8-14B4-45D0-8B9F-F9B1959C8B8E}.Debug|Any CPU.Build.0 = Debug|Any CPU
		{79777AF8-14B4-45D0-8B9F-F9B1959C8B8E}.Release|Any CPU.ActiveCfg = Release|Any CPU
		{79777AF8-14B4-45D0-8B9F-F9B1959C8B8E}.Release|Any CPU.Build.0 = Release|Any CPU
		{62B00EDD-8A24-4647-BFC8-4EF57708D5F6}.Debug|Any CPU.ActiveCfg = Debug|Any CPU
		{62B00EDD-8A24-4647-BFC8-4EF57708D5F6}.Debug|Any CPU.Build.0 = Debug|Any CPU
		{62B00EDD-8A24-4647-BFC8-4EF57708D5F6}.Release|Any CPU.ActiveCfg = Release|Any CPU
		{62B00EDD-8A24-4647-BFC8-4EF57708D5F6}.Release|Any CPU.Build.0 = Release|Any CPU
		{DAA7A79D-4DAC-43A0-853E-CD3E58CB1BE9}.Debug|Any CPU.ActiveCfg = Debug|Any CPU
		{DAA7A79D-4DAC-43A0-853E-CD3E58CB1BE9}.Debug|Any CPU.Build.0 = Debug|Any CPU
		{DAA7A79D-4DAC-43A0-853E-CD3E58CB1BE9}.Release|Any CPU.ActiveCfg = Release|Any CPU
		{DAA7A79D-4DAC-43A0-853E-CD3E58CB1BE9}.Release|Any CPU.Build.0 = Release|Any CPU
		{9E83D2D7-A389-42CE-9BE8-EF55F2FCC819}.Debug|Any CPU.ActiveCfg = Debug|Any CPU
		{9E83D2D7-A389-42CE-9BE8-EF55F2FCC819}.Debug|Any CPU.Build.0 = Debug|Any CPU
		{9E83D2D7-A389-42CE-9BE8-EF55F2FCC819}.Release|Any CPU.ActiveCfg = Release|Any CPU
		{9E83D2D7-A389-42CE-9BE8-EF55F2FCC819}.Release|Any CPU.Build.0 = Release|Any CPU
		{679103B5-5BD8-41FB-B6A2-F1C691E9D9B5}.Debug|Any CPU.ActiveCfg = Debug|Any CPU
		{679103B5-5BD8-41FB-B6A2-F1C691E9D9B5}.Debug|Any CPU.Build.0 = Debug|Any CPU
		{679103B5-5BD8-41FB-B6A2-F1C691E9D9B5}.Release|Any CPU.ActiveCfg = Release|Any CPU
		{679103B5-5BD8-41FB-B6A2-F1C691E9D9B5}.Release|Any CPU.Build.0 = Release|Any CPU
		{DC1596B9-F2DA-4B2D-85B9-63F4E63B42C9}.Debug|Any CPU.ActiveCfg = Debug|Any CPU
		{DC1596B9-F2DA-4B2D-85B9-63F4E63B42C9}.Debug|Any CPU.Build.0 = Debug|Any CPU
		{DC1596B9-F2DA-4B2D-85B9-63F4E63B42C9}.Release|Any CPU.ActiveCfg = Release|Any CPU
		{DC1596B9-F2DA-4B2D-85B9-63F4E63B42C9}.Release|Any CPU.Build.0 = Release|Any CPU
		{4B724E00-0FFC-4229-BAD4-C1AEEE0B6315}.Debug|Any CPU.ActiveCfg = Debug|Any CPU
		{4B724E00-0FFC-4229-BAD4-C1AEEE0B6315}.Debug|Any CPU.Build.0 = Debug|Any CPU
		{4B724E00-0FFC-4229-BAD4-C1AEEE0B6315}.Release|Any CPU.ActiveCfg = Release|Any CPU
		{4B724E00-0FFC-4229-BAD4-C1AEEE0B6315}.Release|Any CPU.Build.0 = Release|Any CPU
		{89E6B35D-D603-44DE-B224-65E160EA214C}.Debug|Any CPU.ActiveCfg = Debug|Any CPU
		{89E6B35D-D603-44DE-B224-65E160EA214C}.Debug|Any CPU.Build.0 = Debug|Any CPU
		{89E6B35D-D603-44DE-B224-65E160EA214C}.Release|Any CPU.ActiveCfg = Release|Any CPU
		{89E6B35D-D603-44DE-B224-65E160EA214C}.Release|Any CPU.Build.0 = Release|Any CPU
		{BA0DAE32-4C6A-4E32-BD67-CE09E012D1F3}.Debug|Any CPU.ActiveCfg = Debug|Any CPU
		{BA0DAE32-4C6A-4E32-BD67-CE09E012D1F3}.Debug|Any CPU.Build.0 = Debug|Any CPU
		{BA0DAE32-4C6A-4E32-BD67-CE09E012D1F3}.Release|Any CPU.ActiveCfg = Release|Any CPU
		{BA0DAE32-4C6A-4E32-BD67-CE09E012D1F3}.Release|Any CPU.Build.0 = Release|Any CPU
		{347D883E-B77A-47AF-8055-B77FB1B0B726}.Debug|Any CPU.ActiveCfg = Debug|Any CPU
		{347D883E-B77A-47AF-8055-B77FB1B0B726}.Debug|Any CPU.Build.0 = Debug|Any CPU
		{347D883E-B77A-47AF-8055-B77FB1B0B726}.Release|Any CPU.ActiveCfg = Release|Any CPU
		{347D883E-B77A-47AF-8055-B77FB1B0B726}.Release|Any CPU.Build.0 = Release|Any CPU
		{4B0A57CB-0551-4006-8AE3-51364AADA6D2}.Debug|Any CPU.ActiveCfg = Debug|Any CPU
		{4B0A57CB-0551-4006-8AE3-51364AADA6D2}.Debug|Any CPU.Build.0 = Debug|Any CPU
		{4B0A57CB-0551-4006-8AE3-51364AADA6D2}.Release|Any CPU.ActiveCfg = Release|Any CPU
		{4B0A57CB-0551-4006-8AE3-51364AADA6D2}.Release|Any CPU.Build.0 = Release|Any CPU
		{DA75E8F9-A259-430D-90A4-94AEA170E774}.Debug|Any CPU.ActiveCfg = Debug|Any CPU
		{DA75E8F9-A259-430D-90A4-94AEA170E774}.Debug|Any CPU.Build.0 = Debug|Any CPU
		{DA75E8F9-A259-430D-90A4-94AEA170E774}.Release|Any CPU.ActiveCfg = Release|Any CPU
		{DA75E8F9-A259-430D-90A4-94AEA170E774}.Release|Any CPU.Build.0 = Release|Any CPU
		{FD2952C9-B15F-4A2C-9F60-89968D1124BC}.Debug|Any CPU.ActiveCfg = Debug|Any CPU
		{FD2952C9-B15F-4A2C-9F60-89968D1124BC}.Debug|Any CPU.Build.0 = Debug|Any CPU
		{FD2952C9-B15F-4A2C-9F60-89968D1124BC}.Release|Any CPU.ActiveCfg = Release|Any CPU
		{FD2952C9-B15F-4A2C-9F60-89968D1124BC}.Release|Any CPU.Build.0 = Release|Any CPU
		{0EEEF2F0-50B3-435E-9430-4D4519866791}.Debug|Any CPU.ActiveCfg = Debug|Any CPU
		{0EEEF2F0-50B3-435E-9430-4D4519866791}.Debug|Any CPU.Build.0 = Debug|Any CPU
		{0EEEF2F0-50B3-435E-9430-4D4519866791}.Release|Any CPU.ActiveCfg = Release|Any CPU
		{0EEEF2F0-50B3-435E-9430-4D4519866791}.Release|Any CPU.Build.0 = Release|Any CPU
		{94531019-4149-485B-AA55-7B08EEFEA177}.Debug|Any CPU.ActiveCfg = Debug|Any CPU
		{94531019-4149-485B-AA55-7B08EEFEA177}.Debug|Any CPU.Build.0 = Debug|Any CPU
		{94531019-4149-485B-AA55-7B08EEFEA177}.Release|Any CPU.ActiveCfg = Release|Any CPU
		{94531019-4149-485B-AA55-7B08EEFEA177}.Release|Any CPU.Build.0 = Release|Any CPU
		{91141544-EECC-4550-A8BD-51327ADF67F6}.Debug|Any CPU.ActiveCfg = Debug|Any CPU
		{91141544-EECC-4550-A8BD-51327ADF67F6}.Debug|Any CPU.Build.0 = Debug|Any CPU
		{91141544-EECC-4550-A8BD-51327ADF67F6}.Release|Any CPU.ActiveCfg = Release|Any CPU
		{91141544-EECC-4550-A8BD-51327ADF67F6}.Release|Any CPU.Build.0 = Release|Any CPU
		{F393D650-207C-4E9B-9484-44678BD74625}.Debug|Any CPU.ActiveCfg = Debug|Any CPU
		{F393D650-207C-4E9B-9484-44678BD74625}.Debug|Any CPU.Build.0 = Debug|Any CPU
		{F393D650-207C-4E9B-9484-44678BD74625}.Release|Any CPU.ActiveCfg = Release|Any CPU
		{F393D650-207C-4E9B-9484-44678BD74625}.Release|Any CPU.Build.0 = Release|Any CPU
		{8E40EB0F-AD99-414A-8C4C-3EECC95EC60F}.Debug|Any CPU.ActiveCfg = Debug|Any CPU
		{8E40EB0F-AD99-414A-8C4C-3EECC95EC60F}.Debug|Any CPU.Build.0 = Debug|Any CPU
		{8E40EB0F-AD99-414A-8C4C-3EECC95EC60F}.Release|Any CPU.ActiveCfg = Release|Any CPU
		{8E40EB0F-AD99-414A-8C4C-3EECC95EC60F}.Release|Any CPU.Build.0 = Release|Any CPU
		{ED8FC58B-ED3A-4235-A7AD-D09F9C1FF9D2}.Debug|Any CPU.ActiveCfg = Debug|Any CPU
		{ED8FC58B-ED3A-4235-A7AD-D09F9C1FF9D2}.Debug|Any CPU.Build.0 = Debug|Any CPU
		{ED8FC58B-ED3A-4235-A7AD-D09F9C1FF9D2}.Release|Any CPU.ActiveCfg = Release|Any CPU
		{ED8FC58B-ED3A-4235-A7AD-D09F9C1FF9D2}.Release|Any CPU.Build.0 = Release|Any CPU
		{0B4D745E-1ADB-4D48-8D83-C0B7FDD46FB9}.Debug|Any CPU.ActiveCfg = Debug|Any CPU
		{0B4D745E-1ADB-4D48-8D83-C0B7FDD46FB9}.Debug|Any CPU.Build.0 = Debug|Any CPU
		{0B4D745E-1ADB-4D48-8D83-C0B7FDD46FB9}.Release|Any CPU.ActiveCfg = Release|Any CPU
		{0B4D745E-1ADB-4D48-8D83-C0B7FDD46FB9}.Release|Any CPU.Build.0 = Release|Any CPU
		{A5F3B364-E09D-4EE8-84B7-A2BAA5A25061}.Debug|Any CPU.ActiveCfg = Debug|Any CPU
		{A5F3B364-E09D-4EE8-84B7-A2BAA5A25061}.Debug|Any CPU.Build.0 = Debug|Any CPU
		{A5F3B364-E09D-4EE8-84B7-A2BAA5A25061}.Release|Any CPU.ActiveCfg = Release|Any CPU
		{A5F3B364-E09D-4EE8-84B7-A2BAA5A25061}.Release|Any CPU.Build.0 = Release|Any CPU
		{A217D6E9-E9C6-44CE-B33B-9BC81413EAFE}.Debug|Any CPU.ActiveCfg = Debug|Any CPU
		{A217D6E9-E9C6-44CE-B33B-9BC81413EAFE}.Debug|Any CPU.Build.0 = Debug|Any CPU
		{A217D6E9-E9C6-44CE-B33B-9BC81413EAFE}.Release|Any CPU.ActiveCfg = Release|Any CPU
		{A217D6E9-E9C6-44CE-B33B-9BC81413EAFE}.Release|Any CPU.Build.0 = Release|Any CPU
		{59D0D21C-E69F-4B70-A9F6-516E1220486D}.Debug|Any CPU.ActiveCfg = Debug|Any CPU
		{59D0D21C-E69F-4B70-A9F6-516E1220486D}.Debug|Any CPU.Build.0 = Debug|Any CPU
		{59D0D21C-E69F-4B70-A9F6-516E1220486D}.Release|Any CPU.ActiveCfg = Release|Any CPU
		{59D0D21C-E69F-4B70-A9F6-516E1220486D}.Release|Any CPU.Build.0 = Release|Any CPU
		{B1235477-3890-425A-9EFE-6E26774DB549}.Debug|Any CPU.ActiveCfg = Debug|Any CPU
		{B1235477-3890-425A-9EFE-6E26774DB549}.Debug|Any CPU.Build.0 = Debug|Any CPU
		{B1235477-3890-425A-9EFE-6E26774DB549}.Release|Any CPU.ActiveCfg = Release|Any CPU
		{B1235477-3890-425A-9EFE-6E26774DB549}.Release|Any CPU.Build.0 = Release|Any CPU
		{8DDA6AEB-FA8A-477D-9DE0-6E93EF601410}.Debug|Any CPU.ActiveCfg = Debug|Any CPU
		{8DDA6AEB-FA8A-477D-9DE0-6E93EF601410}.Debug|Any CPU.Build.0 = Debug|Any CPU
		{8DDA6AEB-FA8A-477D-9DE0-6E93EF601410}.Release|Any CPU.ActiveCfg = Release|Any CPU
		{8DDA6AEB-FA8A-477D-9DE0-6E93EF601410}.Release|Any CPU.Build.0 = Release|Any CPU
		{099E1CEF-7BF7-433A-A8F1-5EEA3D9A196A}.Debug|Any CPU.ActiveCfg = Debug|Any CPU
		{099E1CEF-7BF7-433A-A8F1-5EEA3D9A196A}.Debug|Any CPU.Build.0 = Debug|Any CPU
		{099E1CEF-7BF7-433A-A8F1-5EEA3D9A196A}.Release|Any CPU.ActiveCfg = Release|Any CPU
		{099E1CEF-7BF7-433A-A8F1-5EEA3D9A196A}.Release|Any CPU.Build.0 = Release|Any CPU
		{F7309CC8-4022-4D5D-82E1-91F242937ED1}.Debug|Any CPU.ActiveCfg = Debug|Any CPU
		{F7309CC8-4022-4D5D-82E1-91F242937ED1}.Debug|Any CPU.Build.0 = Debug|Any CPU
		{F7309CC8-4022-4D5D-82E1-91F242937ED1}.Release|Any CPU.ActiveCfg = Release|Any CPU
		{F7309CC8-4022-4D5D-82E1-91F242937ED1}.Release|Any CPU.Build.0 = Release|Any CPU
		{05E8913F-1CCA-4C22-8CB1-AF5E73A24CBC}.Debug|Any CPU.ActiveCfg = Debug|Any CPU
		{05E8913F-1CCA-4C22-8CB1-AF5E73A24CBC}.Debug|Any CPU.Build.0 = Debug|Any CPU
		{05E8913F-1CCA-4C22-8CB1-AF5E73A24CBC}.Release|Any CPU.ActiveCfg = Release|Any CPU
		{05E8913F-1CCA-4C22-8CB1-AF5E73A24CBC}.Release|Any CPU.Build.0 = Release|Any CPU
		{18784201-41A2-4B52-8FBB-9D66E81CA31F}.Debug|Any CPU.ActiveCfg = Debug|Any CPU
		{18784201-41A2-4B52-8FBB-9D66E81CA31F}.Debug|Any CPU.Build.0 = Debug|Any CPU
		{18784201-41A2-4B52-8FBB-9D66E81CA31F}.Release|Any CPU.ActiveCfg = Release|Any CPU
		{18784201-41A2-4B52-8FBB-9D66E81CA31F}.Release|Any CPU.Build.0 = Release|Any CPU
		{6E18AAFE-045B-47E7-87EE-75803C609DD9}.Debug|Any CPU.ActiveCfg = Debug|Any CPU
		{6E18AAFE-045B-47E7-87EE-75803C609DD9}.Debug|Any CPU.Build.0 = Debug|Any CPU
		{6E18AAFE-045B-47E7-87EE-75803C609DD9}.Release|Any CPU.ActiveCfg = Release|Any CPU
		{6E18AAFE-045B-47E7-87EE-75803C609DD9}.Release|Any CPU.Build.0 = Release|Any CPU
		{BAC8029B-E670-4605-8628-621C9CE0CC4A}.Debug|Any CPU.ActiveCfg = Debug|Any CPU
		{BAC8029B-E670-4605-8628-621C9CE0CC4A}.Debug|Any CPU.Build.0 = Debug|Any CPU
		{BAC8029B-E670-4605-8628-621C9CE0CC4A}.Release|Any CPU.ActiveCfg = Release|Any CPU
		{BAC8029B-E670-4605-8628-621C9CE0CC4A}.Release|Any CPU.Build.0 = Release|Any CPU
		{0BF72578-A7BA-4279-81FE-21BEC01F1FAC}.Debug|Any CPU.ActiveCfg = Debug|Any CPU
		{0BF72578-A7BA-4279-81FE-21BEC01F1FAC}.Debug|Any CPU.Build.0 = Debug|Any CPU
		{0BF72578-A7BA-4279-81FE-21BEC01F1FAC}.Release|Any CPU.ActiveCfg = Release|Any CPU
		{0BF72578-A7BA-4279-81FE-21BEC01F1FAC}.Release|Any CPU.Build.0 = Release|Any CPU
		{D11D9B76-0929-4041-9D2A-286701ACB201}.Debug|Any CPU.ActiveCfg = Debug|Any CPU
		{D11D9B76-0929-4041-9D2A-286701ACB201}.Debug|Any CPU.Build.0 = Debug|Any CPU
		{D11D9B76-0929-4041-9D2A-286701ACB201}.Release|Any CPU.ActiveCfg = Release|Any CPU
		{D11D9B76-0929-4041-9D2A-286701ACB201}.Release|Any CPU.Build.0 = Release|Any CPU
		{E63E8AB5-0387-4C32-93A6-EB3FDCB13244}.Debug|Any CPU.ActiveCfg = Debug|Any CPU
		{E63E8AB5-0387-4C32-93A6-EB3FDCB13244}.Debug|Any CPU.Build.0 = Debug|Any CPU
		{E63E8AB5-0387-4C32-93A6-EB3FDCB13244}.Release|Any CPU.ActiveCfg = Release|Any CPU
		{E63E8AB5-0387-4C32-93A6-EB3FDCB13244}.Release|Any CPU.Build.0 = Release|Any CPU
		{D86DF514-D55D-48D5-A658-A8A6E9E36360}.Debug|Any CPU.ActiveCfg = Debug|Any CPU
		{D86DF514-D55D-48D5-A658-A8A6E9E36360}.Debug|Any CPU.Build.0 = Debug|Any CPU
		{D86DF514-D55D-48D5-A658-A8A6E9E36360}.Release|Any CPU.ActiveCfg = Release|Any CPU
		{D86DF514-D55D-48D5-A658-A8A6E9E36360}.Release|Any CPU.Build.0 = Release|Any CPU
		{0068C95E-3CA7-46AF-ACC2-EC4F6A1B406E}.Debug|Any CPU.ActiveCfg = Debug|Any CPU
		{0068C95E-3CA7-46AF-ACC2-EC4F6A1B406E}.Debug|Any CPU.Build.0 = Debug|Any CPU
		{0068C95E-3CA7-46AF-ACC2-EC4F6A1B406E}.Release|Any CPU.ActiveCfg = Release|Any CPU
		{0068C95E-3CA7-46AF-ACC2-EC4F6A1B406E}.Release|Any CPU.Build.0 = Release|Any CPU
		{37DDE9EC-4AFF-4C50-B666-21E884D5A6F3}.Debug|Any CPU.ActiveCfg = Debug|Any CPU
		{37DDE9EC-4AFF-4C50-B666-21E884D5A6F3}.Debug|Any CPU.Build.0 = Debug|Any CPU
		{37DDE9EC-4AFF-4C50-B666-21E884D5A6F3}.Release|Any CPU.ActiveCfg = Release|Any CPU
		{37DDE9EC-4AFF-4C50-B666-21E884D5A6F3}.Release|Any CPU.Build.0 = Release|Any CPU
		{58FF50E5-3371-432F-8ED1-F9556FE03B6F}.Debug|Any CPU.ActiveCfg = Debug|Any CPU
		{58FF50E5-3371-432F-8ED1-F9556FE03B6F}.Debug|Any CPU.Build.0 = Debug|Any CPU
		{58FF50E5-3371-432F-8ED1-F9556FE03B6F}.Release|Any CPU.ActiveCfg = Release|Any CPU
		{58FF50E5-3371-432F-8ED1-F9556FE03B6F}.Release|Any CPU.Build.0 = Release|Any CPU
		{5B874B18-3906-43D6-8F8F-63CA7BB9BDD5}.Debug|Any CPU.ActiveCfg = Debug|Any CPU
		{5B874B18-3906-43D6-8F8F-63CA7BB9BDD5}.Debug|Any CPU.Build.0 = Debug|Any CPU
		{5B874B18-3906-43D6-8F8F-63CA7BB9BDD5}.Release|Any CPU.ActiveCfg = Release|Any CPU
		{5B874B18-3906-43D6-8F8F-63CA7BB9BDD5}.Release|Any CPU.Build.0 = Release|Any CPU
		{7009D160-DD2E-4162-B7C9-6154F25FD2FA}.Debug|Any CPU.ActiveCfg = Debug|Any CPU
		{7009D160-DD2E-4162-B7C9-6154F25FD2FA}.Debug|Any CPU.Build.0 = Debug|Any CPU
		{7009D160-DD2E-4162-B7C9-6154F25FD2FA}.Release|Any CPU.ActiveCfg = Release|Any CPU
		{7009D160-DD2E-4162-B7C9-6154F25FD2FA}.Release|Any CPU.Build.0 = Release|Any CPU
		{B4B829C1-3277-42CB-B4BC-434881475EBD}.Debug|Any CPU.ActiveCfg = Debug|Any CPU
		{B4B829C1-3277-42CB-B4BC-434881475EBD}.Debug|Any CPU.Build.0 = Debug|Any CPU
		{B4B829C1-3277-42CB-B4BC-434881475EBD}.Release|Any CPU.ActiveCfg = Release|Any CPU
		{B4B829C1-3277-42CB-B4BC-434881475EBD}.Release|Any CPU.Build.0 = Release|Any CPU
		{382FB0BD-D4E1-4241-9F2F-27F4789BD01C}.Debug|Any CPU.ActiveCfg = Debug|Any CPU
		{382FB0BD-D4E1-4241-9F2F-27F4789BD01C}.Debug|Any CPU.Build.0 = Debug|Any CPU
		{382FB0BD-D4E1-4241-9F2F-27F4789BD01C}.Release|Any CPU.ActiveCfg = Release|Any CPU
		{382FB0BD-D4E1-4241-9F2F-27F4789BD01C}.Release|Any CPU.Build.0 = Release|Any CPU
		{A53F9F7D-9B87-400B-9E78-0C79B17FCEE6}.Debug|Any CPU.ActiveCfg = Debug|Any CPU
		{A53F9F7D-9B87-400B-9E78-0C79B17FCEE6}.Debug|Any CPU.Build.0 = Debug|Any CPU
		{A53F9F7D-9B87-400B-9E78-0C79B17FCEE6}.Release|Any CPU.ActiveCfg = Release|Any CPU
		{A53F9F7D-9B87-400B-9E78-0C79B17FCEE6}.Release|Any CPU.Build.0 = Release|Any CPU
		{BA88AFE0-EE1C-4838-A1A6-3416096AE778}.Debug|Any CPU.ActiveCfg = Debug|Any CPU
		{BA88AFE0-EE1C-4838-A1A6-3416096AE778}.Debug|Any CPU.Build.0 = Debug|Any CPU
		{BA88AFE0-EE1C-4838-A1A6-3416096AE778}.Release|Any CPU.ActiveCfg = Release|Any CPU
		{BA88AFE0-EE1C-4838-A1A6-3416096AE778}.Release|Any CPU.Build.0 = Release|Any CPU
		{6879D2AC-82C0-45AD-AE0C-F19C12126F58}.Debug|Any CPU.ActiveCfg = Debug|Any CPU
		{6879D2AC-82C0-45AD-AE0C-F19C12126F58}.Debug|Any CPU.Build.0 = Debug|Any CPU
		{6879D2AC-82C0-45AD-AE0C-F19C12126F58}.Release|Any CPU.ActiveCfg = Release|Any CPU
		{6879D2AC-82C0-45AD-AE0C-F19C12126F58}.Release|Any CPU.Build.0 = Release|Any CPU
		{546A7AB6-A8A8-4F04-8FDF-CE516630BB56}.Debug|Any CPU.ActiveCfg = Debug|Any CPU
		{546A7AB6-A8A8-4F04-8FDF-CE516630BB56}.Debug|Any CPU.Build.0 = Debug|Any CPU
		{546A7AB6-A8A8-4F04-8FDF-CE516630BB56}.Release|Any CPU.ActiveCfg = Release|Any CPU
		{546A7AB6-A8A8-4F04-8FDF-CE516630BB56}.Release|Any CPU.Build.0 = Release|Any CPU
		{33B8E607-47C7-4C7E-BC52-1FB19FCE34FB}.Debug|Any CPU.ActiveCfg = Debug|Any CPU
		{33B8E607-47C7-4C7E-BC52-1FB19FCE34FB}.Debug|Any CPU.Build.0 = Debug|Any CPU
		{33B8E607-47C7-4C7E-BC52-1FB19FCE34FB}.Release|Any CPU.ActiveCfg = Release|Any CPU
		{33B8E607-47C7-4C7E-BC52-1FB19FCE34FB}.Release|Any CPU.Build.0 = Release|Any CPU
		{A1F9E25A-AA0D-4E93-B1B8-AE6F283A5901}.Debug|Any CPU.ActiveCfg = Debug|Any CPU
		{A1F9E25A-AA0D-4E93-B1B8-AE6F283A5901}.Debug|Any CPU.Build.0 = Debug|Any CPU
		{A1F9E25A-AA0D-4E93-B1B8-AE6F283A5901}.Release|Any CPU.ActiveCfg = Release|Any CPU
		{A1F9E25A-AA0D-4E93-B1B8-AE6F283A5901}.Release|Any CPU.Build.0 = Release|Any CPU
		{33BE5F7A-87F1-437C-9F74-DCA30D0ADED5}.Debug|Any CPU.ActiveCfg = Debug|Any CPU
		{33BE5F7A-87F1-437C-9F74-DCA30D0ADED5}.Debug|Any CPU.Build.0 = Debug|Any CPU
		{33BE5F7A-87F1-437C-9F74-DCA30D0ADED5}.Release|Any CPU.ActiveCfg = Release|Any CPU
		{33BE5F7A-87F1-437C-9F74-DCA30D0ADED5}.Release|Any CPU.Build.0 = Release|Any CPU
		{1E404497-D14E-4D62-96BC-DAAB9398AEC4}.Debug|Any CPU.ActiveCfg = Debug|Any CPU
		{1E404497-D14E-4D62-96BC-DAAB9398AEC4}.Debug|Any CPU.Build.0 = Debug|Any CPU
		{1E404497-D14E-4D62-96BC-DAAB9398AEC4}.Release|Any CPU.ActiveCfg = Release|Any CPU
		{1E404497-D14E-4D62-96BC-DAAB9398AEC4}.Release|Any CPU.Build.0 = Release|Any CPU
		{5B061062-09A5-4D7E-813D-4E9562470D75}.Debug|Any CPU.ActiveCfg = Debug|Any CPU
		{5B061062-09A5-4D7E-813D-4E9562470D75}.Debug|Any CPU.Build.0 = Debug|Any CPU
		{5B061062-09A5-4D7E-813D-4E9562470D75}.Release|Any CPU.ActiveCfg = Release|Any CPU
		{5B061062-09A5-4D7E-813D-4E9562470D75}.Release|Any CPU.Build.0 = Release|Any CPU
		{07602921-D9F2-4118-B814-AD76371A1425}.Debug|Any CPU.ActiveCfg = Debug|Any CPU
		{07602921-D9F2-4118-B814-AD76371A1425}.Debug|Any CPU.Build.0 = Debug|Any CPU
		{07602921-D9F2-4118-B814-AD76371A1425}.Release|Any CPU.ActiveCfg = Release|Any CPU
		{07602921-D9F2-4118-B814-AD76371A1425}.Release|Any CPU.Build.0 = Release|Any CPU
		{3BA34763-321A-478C-AF9E-54A0F75FBB65}.Debug|Any CPU.ActiveCfg = Debug|Any CPU
		{3BA34763-321A-478C-AF9E-54A0F75FBB65}.Debug|Any CPU.Build.0 = Debug|Any CPU
		{3BA34763-321A-478C-AF9E-54A0F75FBB65}.Release|Any CPU.ActiveCfg = Release|Any CPU
		{3BA34763-321A-478C-AF9E-54A0F75FBB65}.Release|Any CPU.Build.0 = Release|Any CPU
		{71AED2F2-3171-459B-8024-A7237EC2A6A9}.Debug|Any CPU.ActiveCfg = Debug|Any CPU
		{71AED2F2-3171-459B-8024-A7237EC2A6A9}.Debug|Any CPU.Build.0 = Debug|Any CPU
		{71AED2F2-3171-459B-8024-A7237EC2A6A9}.Release|Any CPU.ActiveCfg = Release|Any CPU
		{71AED2F2-3171-459B-8024-A7237EC2A6A9}.Release|Any CPU.Build.0 = Release|Any CPU
		{9360B51B-9945-4882-B3E4-DA2A63105D33}.Debug|Any CPU.ActiveCfg = Debug|Any CPU
		{9360B51B-9945-4882-B3E4-DA2A63105D33}.Debug|Any CPU.Build.0 = Debug|Any CPU
		{9360B51B-9945-4882-B3E4-DA2A63105D33}.Release|Any CPU.ActiveCfg = Release|Any CPU
		{9360B51B-9945-4882-B3E4-DA2A63105D33}.Release|Any CPU.Build.0 = Release|Any CPU
		{442C2217-8C4B-4AF0-8317-BC2084812A1B}.Debug|Any CPU.ActiveCfg = Debug|Any CPU
		{442C2217-8C4B-4AF0-8317-BC2084812A1B}.Debug|Any CPU.Build.0 = Debug|Any CPU
		{442C2217-8C4B-4AF0-8317-BC2084812A1B}.Release|Any CPU.ActiveCfg = Release|Any CPU
		{442C2217-8C4B-4AF0-8317-BC2084812A1B}.Release|Any CPU.Build.0 = Release|Any CPU
		{F3E4D95E-E01A-42D4-BC8B-F845C1E249DB}.Debug|Any CPU.ActiveCfg = Debug|Any CPU
		{F3E4D95E-E01A-42D4-BC8B-F845C1E249DB}.Debug|Any CPU.Build.0 = Debug|Any CPU
		{F3E4D95E-E01A-42D4-BC8B-F845C1E249DB}.Release|Any CPU.ActiveCfg = Release|Any CPU
		{F3E4D95E-E01A-42D4-BC8B-F845C1E249DB}.Release|Any CPU.Build.0 = Release|Any CPU
	EndGlobalSection
	GlobalSection(SolutionProperties) = preSolution
		HideSolutionNode = FALSE
	EndGlobalSection
	GlobalSection(NestedProjects) = preSolution
		{BBC41676-7E88-446D-8D74-1F46AAF41213} = {8CD0EBF1-7D04-49FE-9CEA-2D0ED8D0C868}
		{79777AF8-14B4-45D0-8B9F-F9B1959C8B8E} = {8CD0EBF1-7D04-49FE-9CEA-2D0ED8D0C868}
		{62B00EDD-8A24-4647-BFC8-4EF57708D5F6} = {8CD0EBF1-7D04-49FE-9CEA-2D0ED8D0C868}
		{DAA7A79D-4DAC-43A0-853E-CD3E58CB1BE9} = {8CD0EBF1-7D04-49FE-9CEA-2D0ED8D0C868}
		{9E83D2D7-A389-42CE-9BE8-EF55F2FCC819} = {8CD0EBF1-7D04-49FE-9CEA-2D0ED8D0C868}
		{679103B5-5BD8-41FB-B6A2-F1C691E9D9B5} = {3D8A3474-115C-4240-A955-5069BBF5A53C}
		{DC1596B9-F2DA-4B2D-85B9-63F4E63B42C9} = {3D8A3474-115C-4240-A955-5069BBF5A53C}
		{4B724E00-0FFC-4229-BAD4-C1AEEE0B6315} = {3D8A3474-115C-4240-A955-5069BBF5A53C}
		{89E6B35D-D603-44DE-B224-65E160EA214C} = {3D8A3474-115C-4240-A955-5069BBF5A53C}
		{BA0DAE32-4C6A-4E32-BD67-CE09E012D1F3} = {3D8A3474-115C-4240-A955-5069BBF5A53C}
		{347D883E-B77A-47AF-8055-B77FB1B0B726} = {E61FF556-2871-4439-B427-6173157A6F1E}
		{4B0A57CB-0551-4006-8AE3-51364AADA6D2} = {E61FF556-2871-4439-B427-6173157A6F1E}
		{DA75E8F9-A259-430D-90A4-94AEA170E774} = {E61FF556-2871-4439-B427-6173157A6F1E}
		{FD2952C9-B15F-4A2C-9F60-89968D1124BC} = {3D8A3474-115C-4240-A955-5069BBF5A53C}
		{0EEEF2F0-50B3-435E-9430-4D4519866791} = {3D8A3474-115C-4240-A955-5069BBF5A53C}
		{94531019-4149-485B-AA55-7B08EEFEA177} = {3D8A3474-115C-4240-A955-5069BBF5A53C}
		{91141544-EECC-4550-A8BD-51327ADF67F6} = {3D8A3474-115C-4240-A955-5069BBF5A53C}
		{F393D650-207C-4E9B-9484-44678BD74625} = {3D8A3474-115C-4240-A955-5069BBF5A53C}
		{8E40EB0F-AD99-414A-8C4C-3EECC95EC60F} = {E61FF556-2871-4439-B427-6173157A6F1E}
		{ED8FC58B-ED3A-4235-A7AD-D09F9C1FF9D2} = {3D8A3474-115C-4240-A955-5069BBF5A53C}
		{0B4D745E-1ADB-4D48-8D83-C0B7FDD46FB9} = {3D8A3474-115C-4240-A955-5069BBF5A53C}
		{A5F3B364-E09D-4EE8-84B7-A2BAA5A25061} = {864C8C67-09AB-4C12-9A5A-9D89F1520833}
		{A217D6E9-E9C6-44CE-B33B-9BC81413EAFE} = {864C8C67-09AB-4C12-9A5A-9D89F1520833}
		{59D0D21C-E69F-4B70-A9F6-516E1220486D} = {3D8A3474-115C-4240-A955-5069BBF5A53C}
		{B1235477-3890-425A-9EFE-6E26774DB549} = {3D8A3474-115C-4240-A955-5069BBF5A53C}
		{8DDA6AEB-FA8A-477D-9DE0-6E93EF601410} = {3D8A3474-115C-4240-A955-5069BBF5A53C}
		{099E1CEF-7BF7-433A-A8F1-5EEA3D9A196A} = {3D8A3474-115C-4240-A955-5069BBF5A53C}
		{F7309CC8-4022-4D5D-82E1-91F242937ED1} = {3D8A3474-115C-4240-A955-5069BBF5A53C}
		{05E8913F-1CCA-4C22-8CB1-AF5E73A24CBC} = {3D8A3474-115C-4240-A955-5069BBF5A53C}
		{18784201-41A2-4B52-8FBB-9D66E81CA31F} = {358A07F2-377C-4BBD-950F-D454DB5B0CAB}
		{6E18AAFE-045B-47E7-87EE-75803C609DD9} = {358A07F2-377C-4BBD-950F-D454DB5B0CAB}
		{BAC8029B-E670-4605-8628-621C9CE0CC4A} = {358A07F2-377C-4BBD-950F-D454DB5B0CAB}
		{0BF72578-A7BA-4279-81FE-21BEC01F1FAC} = {358A07F2-377C-4BBD-950F-D454DB5B0CAB}
		{D11D9B76-0929-4041-9D2A-286701ACB201} = {358A07F2-377C-4BBD-950F-D454DB5B0CAB}
		{E63E8AB5-0387-4C32-93A6-EB3FDCB13244} = {3D8A3474-115C-4240-A955-5069BBF5A53C}
		{D86DF514-D55D-48D5-A658-A8A6E9E36360} = {3D8A3474-115C-4240-A955-5069BBF5A53C}
		{0068C95E-3CA7-46AF-ACC2-EC4F6A1B406E} = {3D8A3474-115C-4240-A955-5069BBF5A53C}
		{37DDE9EC-4AFF-4C50-B666-21E884D5A6F3} = {3D8A3474-115C-4240-A955-5069BBF5A53C}
		{58FF50E5-3371-432F-8ED1-F9556FE03B6F} = {3D8A3474-115C-4240-A955-5069BBF5A53C}
		{5B874B18-3906-43D6-8F8F-63CA7BB9BDD5} = {E61FF556-2871-4439-B427-6173157A6F1E}
		{7009D160-DD2E-4162-B7C9-6154F25FD2FA} = {E61FF556-2871-4439-B427-6173157A6F1E}
		{B4B829C1-3277-42CB-B4BC-434881475EBD} = {358A07F2-377C-4BBD-950F-D454DB5B0CAB}
		{382FB0BD-D4E1-4241-9F2F-27F4789BD01C} = {358A07F2-377C-4BBD-950F-D454DB5B0CAB}
		{A53F9F7D-9B87-400B-9E78-0C79B17FCEE6} = {358A07F2-377C-4BBD-950F-D454DB5B0CAB}
		{BA88AFE0-EE1C-4838-A1A6-3416096AE778} = {358A07F2-377C-4BBD-950F-D454DB5B0CAB}
		{6879D2AC-82C0-45AD-AE0C-F19C12126F58} = {358A07F2-377C-4BBD-950F-D454DB5B0CAB}
		{546A7AB6-A8A8-4F04-8FDF-CE516630BB56} = {95FB071A-A4E0-4F05-BAB3-E3C3CE3E1149}
		{33B8E607-47C7-4C7E-BC52-1FB19FCE34FB} = {95FB071A-A4E0-4F05-BAB3-E3C3CE3E1149}
		{A1F9E25A-AA0D-4E93-B1B8-AE6F283A5901} = {358A07F2-377C-4BBD-950F-D454DB5B0CAB}
		{33BE5F7A-87F1-437C-9F74-DCA30D0ADED5} = {358A07F2-377C-4BBD-950F-D454DB5B0CAB}
		{1E404497-D14E-4D62-96BC-DAAB9398AEC4} = {358A07F2-377C-4BBD-950F-D454DB5B0CAB}
		{5B061062-09A5-4D7E-813D-4E9562470D75} = {358A07F2-377C-4BBD-950F-D454DB5B0CAB}
		{07602921-D9F2-4118-B814-AD76371A1425} = {358A07F2-377C-4BBD-950F-D454DB5B0CAB}
		{3BA34763-321A-478C-AF9E-54A0F75FBB65} = {358A07F2-377C-4BBD-950F-D454DB5B0CAB}
		{71AED2F2-3171-459B-8024-A7237EC2A6A9} = {8CD0EBF1-7D04-49FE-9CEA-2D0ED8D0C868}
		{9360B51B-9945-4882-B3E4-DA2A63105D33} = {8CD0EBF1-7D04-49FE-9CEA-2D0ED8D0C868}
		{442C2217-8C4B-4AF0-8317-BC2084812A1B} = {E61FF556-2871-4439-B427-6173157A6F1E}
		{F3E4D95E-E01A-42D4-BC8B-F845C1E249DB} = {3D8A3474-115C-4240-A955-5069BBF5A53C}
	EndGlobalSection
	GlobalSection(ExtensibilityGlobals) = postSolution
		SolutionGuid = {F9555501-28CD-4C72-ABD1-E5BD2397E8CB}
	EndGlobalSection
EndGlobal
