
Microsoft Visual Studio Solution File, Format Version 12.00
# Visual Studio Version 17
VisualStudioVersion = 17.2.32526.322
MinimumVisualStudioVersion = 10.0.40219.1
Project("{FAE04EC0-301F-11D3-BF4B-00C04F79EFBC}") = "CommonWS", "CommonWS.csproj", "{DAA7A79D-4DAC-43A0-853E-CD3E58CB1BE9}"
EndProject
Global
	GlobalSection(SolutionConfigurationPlatforms) = preSolution
		Debug|Any CPU = Debug|Any CPU
		Release|Any CPU = Release|Any CPU
	EndGlobalSection
	GlobalSection(ProjectConfigurationPlatforms) = postSolution
		{DAA7A79D-4DAC-43A0-853E-CD3E58CB1BE9}.Debug|Any CPU.ActiveCfg = Debug|Any CPU
		{DAA7A79D-4DAC-43A0-853E-CD3E58CB1BE9}.Debug|Any CPU.Build.0 = Debug|Any CPU
		{DAA7A79D-4DAC-43A0-853E-CD3E58CB1BE9}.Release|Any CPU.ActiveCfg = Release|Any CPU
		{DAA7A79D-4DAC-43A0-853E-CD3E58CB1BE9}.Release|Any CPU.Build.0 = Release|Any CPU
	EndGlobalSection
	GlobalSection(SolutionProperties) = preSolution
		HideSolutionNode = FALSE
	EndGlobalSection
	GlobalSection(ExtensibilityGlobals) = postSolution
		SolutionGuid = {D1979EE6-7ABC-4BEA-BA0F-3C0CA79BB16D}
	EndGlobalSection
EndGlobal
