
Microsoft Visual Studio Solution File, Format Version 12.00
# Visual Studio 15
VisualStudioVersion = 15.0.28307.1433
MinimumVisualStudioVersion = 10.0.40219.1
Project("{FAE04EC0-301F-11D3-BF4B-00C04F79EFBC}") = "CommonWS", "CommonWS.csproj", "{EC4FAAA4-B7A6-4DA3-8B75-BA83C05CD688}"
EndProject
Global
	GlobalSection(SolutionConfigurationPlatforms) = preSolution
		Debug|Any CPU = Debug|Any CPU
		Release|Any CPU = Release|Any CPU
	EndGlobalSection
	GlobalSection(ProjectConfigurationPlatforms) = postSolution
		{EC4FAAA4-B7A6-4DA3-8B75-BA83C05CD688}.Debug|Any CPU.ActiveCfg = Debug|Any CPU
		{EC4FAAA4-B7A6-4DA3-8B75-BA83C05CD688}.Debug|Any CPU.Build.0 = Debug|Any CPU
		{EC4FAAA4-B7A6-4DA3-8B75-BA83C05CD688}.Release|Any CPU.ActiveCfg = Release|Any CPU
		{EC4FAAA4-B7A6-4DA3-8B75-BA83C05CD688}.Release|Any CPU.Build.0 = Release|Any CPU
	EndGlobalSection
	GlobalSection(SolutionProperties) = preSolution
		HideSolutionNode = FALSE
	EndGlobalSection
	GlobalSection(ExtensibilityGlobals) = postSolution
		SolutionGuid = {CE4AF84F-803F-41B5-9B1B-8EAB6E786DDE}
	EndGlobalSection
EndGlobal
